# This file is automatically @generated by Cargo.
# It is not intended for manual editing.
version = 3

[[package]]
name = "problem1-two-sum"
version = "0.1.0"

[[package]]
name = "problem14-longest-common-prefix"
version = "0.1.0"

[[package]]
name = "problem3-longest-substring-without-repeating-characters"
version = "0.1.0"

[[package]]
name = "problem32-longest-valid-parentheses"
version = "0.1.0"

[[package]]
name = "problem4-median-of-two-sorted-arrays"
version = "0.1.0"

[[package]]
name = "problem6-zigzag-conversion"
version = "0.1.0"

[[package]]
name = "problem9-palindrome-number"
version = "0.1.0"
