# This file is automatically @generated by Cargo.
# It is not intended for manual editing.
version = 3

[[package]]
name = "problem1-two-sum"
version = "0.1.0"

[[package]]
name = "problem10-regular-expression-matching"
version = "0.1.0"

[[package]]
name = "problem12-integer-to-roman"
version = "0.1.0"

[[package]]
name = "problem13-roman-to-integer"
version = "0.1.0"

[[package]]
name = "problem136-single-number"
version = "0.1.0"

[[package]]
name = "problem14-longest-common-prefix"
version = "0.1.0"

[[package]]
name = "problem217-contains-duplicate"
version = "0.1.0"

[[package]]
name = "problem3-longest-substring-without-repeating-characters"
version = "0.1.0"

[[package]]
name = "problem349-intersection-of-two-arrays"
version = "0.1.0"

[[package]]
name = "problem350-intersection-of-two-arrays-ii"
version = "0.1.0"

[[package]]
name = "problem4-median-of-two-sorted-arrays"
version = "0.1.0"

[[package]]
name = "problem6-zigzag-conversion"
version = "0.1.0"

[[package]]
name = "problem64-minimum-path-sum"
version = "0.1.0"

[[package]]
name = "problem7-reverse-integer"
version = "0.1.0"

[[package]]
name = "problem9-palindrome-number"
version = "0.1.0"
